
Microsoft Visual Studio Solution File, Format Version 12.00
# Visual Studio Version 17
VisualStudioVersion = 17.14.36202.13 d17.14
MinimumVisualStudioVersion = 10.0.40219.1
Project("{FAE04EC0-301F-11D3-BF4B-00C04F79EFBC}") = "DevTurret", "DevTurret.csproj", "{A573334B-070D-4E3F-AB50-874C7D482381}"
EndProject
Global
	GlobalSection(SolutionConfigurationPlatforms) = preSolution
		Debug|Any CPU = Debug|Any CPU
		Release|Any CPU = Release|Any CPU
	EndGlobalSection
	GlobalSection(ProjectConfigurationPlatforms) = postSolution
		{A573334B-070D-4E3F-AB50-874C7D482381}.Debug|Any CPU.ActiveCfg = Debug|Any CPU
		{A573334B-070D-4E3F-AB50-874C7D482381}.Debug|Any CPU.Build.0 = Debug|Any CPU
		{A573334B-070D-4E3F-AB50-874C7D482381}.Release|Any CPU.ActiveCfg = Release|Any CPU
		{A573334B-070D-4E3F-AB50-874C7D482381}.Release|Any CPU.Build.0 = Release|Any CPU
	EndGlobalSection
	GlobalSection(SolutionProperties) = preSolution
		HideSolutionNode = FALSE
	EndGlobalSection
	GlobalSection(ExtensibilityGlobals) = postSolution
		SolutionGuid = {0AF62F94-C862-49AB-9D2A-D86158A4E30D}
	EndGlobalSection
EndGlobal
